
Microsoft Visual Studio Solution File, Format Version 12.00
# Visual Studio Version 17
VisualStudioVersion = 17.9.34723.18
MinimumVisualStudioVersion = 10.0.40219.1
Project("{2150E333-8FDC-42A3-9474-1A3956D46DE8}") = "src", "src", "{03677717-70D9-44C3-A1DF-F5EC77C3DC85}"
EndProject
Project("{2150E333-8FDC-42A3-9474-1A3956D46DE8}") = "tests", "tests", "{35545938-8BA1-483F-9274-0957165B7CDF}"
EndProject
Project("{2150E333-8FDC-42A3-9474-1A3956D46DE8}") = "Backend", "Backend", "{D8FFCC49-ED4F-4DB2-813C-0843C2C9C24A}"
EndProject
Project("{2150E333-8FDC-42A3-9474-1A3956D46DE8}") = "Shared", "Shared", "{13BDB0C7-3203-4B8B-B234-8FF4446E14F7}"
EndProject
Project("{9A19103F-16F7-4668-BE54-9A1E7A4F7556}") = "MyRecipeBook.API", "src\Backend\MyRecipeBook.API\MyRecipeBook.API.csproj", "{86011949-F17E-4F6C-BDCB-2635D7C0BF19}"
EndProject
Project("{9A19103F-16F7-4668-BE54-9A1E7A4F7556}") = "MyRecipeBook.Application", "src\Backend\MyRecipeBook.Application\MyRecipeBook.Application.csproj", "{C61C0236-47D7-497D-980A-638188933C66}"
EndProject
Project("{9A19103F-16F7-4668-BE54-9A1E7A4F7556}") = "MyRecipeBook.Domain", "src\Backend\MyRecipeBook.Domain\MyRecipeBook.Domain.csproj", "{985A484B-8E75-44E2-BC38-398DB30FFD39}"
EndProject
Project("{9A19103F-16F7-4668-BE54-9A1E7A4F7556}") = "MyRecipeBook.Infratructure", "src\Backend\MyRecipeBook.Infratructure\MyRecipeBook.Infratructure.csproj", "{3DD2728C-0DD2-4778-83E5-31EDF7680A54}"
EndProject
Project("{9A19103F-16F7-4668-BE54-9A1E7A4F7556}") = "MyRecipeBook.Comunication", "src\Shared\MyRecipeBook.Comunication\MyRecipeBook.Comunication.csproj", "{292D653F-97FD-4925-8390-B1CD072CB8D8}"
EndProject
Project("{FAE04EC0-301F-11D3-BF4B-00C04F79EFBC}") = "MyRecipeBook.Exepition", "src\Shared\MyRecipeBook.Exepition\MyRecipeBook.Exepition.csproj", "{4C1CAE55-71BB-48A8-8B8F-D66BDC44BA33}"
EndProject
Global
	GlobalSection(SolutionConfigurationPlatforms) = preSolution
		Debug|Any CPU = Debug|Any CPU
		Release|Any CPU = Release|Any CPU
	EndGlobalSection
	GlobalSection(ProjectConfigurationPlatforms) = postSolution
		{86011949-F17E-4F6C-BDCB-2635D7C0BF19}.Debug|Any CPU.ActiveCfg = Debug|Any CPU
		{86011949-F17E-4F6C-BDCB-2635D7C0BF19}.Debug|Any CPU.Build.0 = Debug|Any CPU
		{86011949-F17E-4F6C-BDCB-2635D7C0BF19}.Release|Any CPU.ActiveCfg = Release|Any CPU
		{86011949-F17E-4F6C-BDCB-2635D7C0BF19}.Release|Any CPU.Build.0 = Release|Any CPU
		{C61C0236-47D7-497D-980A-638188933C66}.Debug|Any CPU.ActiveCfg = Debug|Any CPU
		{C61C0236-47D7-497D-980A-638188933C66}.Debug|Any CPU.Build.0 = Debug|Any CPU
		{C61C0236-47D7-497D-980A-638188933C66}.Release|Any CPU.ActiveCfg = Release|Any CPU
		{C61C0236-47D7-497D-980A-638188933C66}.Release|Any CPU.Build.0 = Release|Any CPU
		{985A484B-8E75-44E2-BC38-398DB30FFD39}.Debug|Any CPU.ActiveCfg = Debug|Any CPU
		{985A484B-8E75-44E2-BC38-398DB30FFD39}.Debug|Any CPU.Build.0 = Debug|Any CPU
		{985A484B-8E75-44E2-BC38-398DB30FFD39}.Release|Any CPU.ActiveCfg = Release|Any CPU
		{985A484B-8E75-44E2-BC38-398DB30FFD39}.Release|Any CPU.Build.0 = Release|Any CPU
		{3DD2728C-0DD2-4778-83E5-31EDF7680A54}.Debug|Any CPU.ActiveCfg = Debug|Any CPU
		{3DD2728C-0DD2-4778-83E5-31EDF7680A54}.Debug|Any CPU.Build.0 = Debug|Any CPU
		{3DD2728C-0DD2-4778-83E5-31EDF7680A54}.Release|Any CPU.ActiveCfg = Release|Any CPU
		{3DD2728C-0DD2-4778-83E5-31EDF7680A54}.Release|Any CPU.Build.0 = Release|Any CPU
		{292D653F-97FD-4925-8390-B1CD072CB8D8}.Debug|Any CPU.ActiveCfg = Debug|Any CPU
		{292D653F-97FD-4925-8390-B1CD072CB8D8}.Debug|Any CPU.Build.0 = Debug|Any CPU
		{292D653F-97FD-4925-8390-B1CD072CB8D8}.Release|Any CPU.ActiveCfg = Release|Any CPU
		{292D653F-97FD-4925-8390-B1CD072CB8D8}.Release|Any CPU.Build.0 = Release|Any CPU
		{4C1CAE55-71BB-48A8-8B8F-D66BDC44BA33}.Debug|Any CPU.ActiveCfg = Debug|Any CPU
		{4C1CAE55-71BB-48A8-8B8F-D66BDC44BA33}.Debug|Any CPU.Build.0 = Debug|Any CPU
		{4C1CAE55-71BB-48A8-8B8F-D66BDC44BA33}.Release|Any CPU.ActiveCfg = Release|Any CPU
		{4C1CAE55-71BB-48A8-8B8F-D66BDC44BA33}.Release|Any CPU.Build.0 = Release|Any CPU
	EndGlobalSection
	GlobalSection(SolutionProperties) = preSolution
		HideSolutionNode = FALSE
	EndGlobalSection
	GlobalSection(NestedProjects) = preSolution
		{D8FFCC49-ED4F-4DB2-813C-0843C2C9C24A} = {03677717-70D9-44C3-A1DF-F5EC77C3DC85}
		{13BDB0C7-3203-4B8B-B234-8FF4446E14F7} = {03677717-70D9-44C3-A1DF-F5EC77C3DC85}
		{86011949-F17E-4F6C-BDCB-2635D7C0BF19} = {D8FFCC49-ED4F-4DB2-813C-0843C2C9C24A}
		{C61C0236-47D7-497D-980A-638188933C66} = {D8FFCC49-ED4F-4DB2-813C-0843C2C9C24A}
		{985A484B-8E75-44E2-BC38-398DB30FFD39} = {D8FFCC49-ED4F-4DB2-813C-0843C2C9C24A}
		{3DD2728C-0DD2-4778-83E5-31EDF7680A54} = {D8FFCC49-ED4F-4DB2-813C-0843C2C9C24A}
		{292D653F-97FD-4925-8390-B1CD072CB8D8} = {13BDB0C7-3203-4B8B-B234-8FF4446E14F7}
		{4C1CAE55-71BB-48A8-8B8F-D66BDC44BA33} = {13BDB0C7-3203-4B8B-B234-8FF4446E14F7}
	EndGlobalSection
	GlobalSection(ExtensibilityGlobals) = postSolution
		SolutionGuid = {C6D0992F-19BB-4E1F-99B2-F46219D573FB}
	EndGlobalSection
EndGlobal
