
Microsoft Visual Studio Solution File, Format Version 12.00
# Visual Studio Version 17
VisualStudioVersion = 17.11.35327.3
MinimumVisualStudioVersion = 10.0.40219.1
Project("{2150E333-8FDC-42A3-9474-1A3956D46DE8}") = "src", "src", "{898D5101-7F90-4F91-85C7-9A65B0670080}"
EndProject
Project("{2150E333-8FDC-42A3-9474-1A3956D46DE8}") = "tests", "tests", "{456BD369-5AEC-40E9-B4FE-E471D294B3AD}"
EndProject
Project("{2150E333-8FDC-42A3-9474-1A3956D46DE8}") = "Backend", "Backend", "{9C669DEE-57B2-440D-ADA6-8F866C929B87}"
EndProject
Project("{2150E333-8FDC-42A3-9474-1A3956D46DE8}") = "Shared", "Shared", "{5AB515BE-9A86-4FDC-BA0F-22AE3E12FB96}"
EndProject
Project("{2150E333-8FDC-42A3-9474-1A3956D46DE8}") = "Mobile", "Mobile", "{3510B5C8-2D75-4546-BA0B-9F10F837AF64}"
EndProject
Project("{9A19103F-16F7-4668-BE54-9A1E7A4F7556}") = "MyRecipeBook.API", "src\Backend\MyRecipeBook.API\MyRecipeBook.API.csproj", "{D39D2390-69AE-46D9-A3ED-556DB0DD28DF}"
EndProject
Project("{FAE04EC0-301F-11D3-BF4B-00C04F79EFBC}") = "MyRecipeBook.Application", "src\Backend\MyRecipeBook.Application\MyRecipeBook.Application.csproj", "{29E7C006-250D-4662-AFE5-C09B3E47C77B}"
EndProject
Project("{FAE04EC0-301F-11D3-BF4B-00C04F79EFBC}") = "MyRecipeBook.Domain", "src\Backend\MyRecipeBook.Domain\MyRecipeBook.Domain.csproj", "{D5985331-5213-415D-9E3B-D69495E4FBB4}"
EndProject
Project("{FAE04EC0-301F-11D3-BF4B-00C04F79EFBC}") = "MyRecipeBook.Infrastructure", "src\Backend\MyRecipeBook.Infrastructure\MyRecipeBook.Infrastructure.csproj", "{B1E1EAA4-6E0C-4DF9-ADD8-CC2611541E20}"
EndProject
Project("{FAE04EC0-301F-11D3-BF4B-00C04F79EFBC}") = "MyRecipeBook.Communication", "src\Shared\MyRecipeBook.Communication\MyRecipeBook.Communication.csproj", "{C29EA94E-CC65-4AA5-A378-9A2471A04CE2}"
EndProject
Project("{FAE04EC0-301F-11D3-BF4B-00C04F79EFBC}") = "MyRecipeBook.Exceptions", "src\Shared\MyRecipeBook.Exceptions\MyRecipeBook.Exceptions.csproj", "{F1E7910B-AD8B-43DB-AC01-DE6761785915}"
EndProject
Project("{FAE04EC0-301F-11D3-BF4B-00C04F79EFBC}") = "Validators.Test", "tests\Validators.Test\Validators.Test.csproj", "{0F45D093-1449-4187-9687-CDE42643C429}"
EndProject
Project("{FAE04EC0-301F-11D3-BF4B-00C04F79EFBC}") = "CommonTestUtilities", "tests\CommonTestUtilities\CommonTestUtilities.csproj", "{59AA80C4-2350-4D43-8741-173D7D33B588}"
EndProject
Project("{FAE04EC0-301F-11D3-BF4B-00C04F79EFBC}") = "UseCases.Test", "tests\UseCases.Test\UseCases.Test.csproj", "{1C5BAD88-1C07-4E1F-B7CE-0038B6D03B03}"
EndProject
Project("{FAE04EC0-301F-11D3-BF4B-00C04F79EFBC}") = "WebApi.Test", "tests\WebApi.Test\WebApi.Test.csproj", "{2FFA2A44-8043-4C1E-99C3-C9772A9AD704}"
EndProject
Global
	GlobalSection(SolutionConfigurationPlatforms) = preSolution
		Debug|Any CPU = Debug|Any CPU
		Release|Any CPU = Release|Any CPU
	EndGlobalSection
	GlobalSection(ProjectConfigurationPlatforms) = postSolution
		{D39D2390-69AE-46D9-A3ED-556DB0DD28DF}.Debug|Any CPU.ActiveCfg = Debug|Any CPU
		{D39D2390-69AE-46D9-A3ED-556DB0DD28DF}.Debug|Any CPU.Build.0 = Debug|Any CPU
		{D39D2390-69AE-46D9-A3ED-556DB0DD28DF}.Release|Any CPU.ActiveCfg = Release|Any CPU
		{D39D2390-69AE-46D9-A3ED-556DB0DD28DF}.Release|Any CPU.Build.0 = Release|Any CPU
		{29E7C006-250D-4662-AFE5-C09B3E47C77B}.Debug|Any CPU.ActiveCfg = Debug|Any CPU
		{29E7C006-250D-4662-AFE5-C09B3E47C77B}.Debug|Any CPU.Build.0 = Debug|Any CPU
		{29E7C006-250D-4662-AFE5-C09B3E47C77B}.Release|Any CPU.ActiveCfg = Release|Any CPU
		{29E7C006-250D-4662-AFE5-C09B3E47C77B}.Release|Any CPU.Build.0 = Release|Any CPU
		{D5985331-5213-415D-9E3B-D69495E4FBB4}.Debug|Any CPU.ActiveCfg = Debug|Any CPU
		{D5985331-5213-415D-9E3B-D69495E4FBB4}.Debug|Any CPU.Build.0 = Debug|Any CPU
		{D5985331-5213-415D-9E3B-D69495E4FBB4}.Release|Any CPU.ActiveCfg = Release|Any CPU
		{D5985331-5213-415D-9E3B-D69495E4FBB4}.Release|Any CPU.Build.0 = Release|Any CPU
		{B1E1EAA4-6E0C-4DF9-ADD8-CC2611541E20}.Debug|Any CPU.ActiveCfg = Debug|Any CPU
		{B1E1EAA4-6E0C-4DF9-ADD8-CC2611541E20}.Debug|Any CPU.Build.0 = Debug|Any CPU
		{B1E1EAA4-6E0C-4DF9-ADD8-CC2611541E20}.Release|Any CPU.ActiveCfg = Release|Any CPU
		{B1E1EAA4-6E0C-4DF9-ADD8-CC2611541E20}.Release|Any CPU.Build.0 = Release|Any CPU
		{C29EA94E-CC65-4AA5-A378-9A2471A04CE2}.Debug|Any CPU.ActiveCfg = Debug|Any CPU
		{C29EA94E-CC65-4AA5-A378-9A2471A04CE2}.Debug|Any CPU.Build.0 = Debug|Any CPU
		{C29EA94E-CC65-4AA5-A378-9A2471A04CE2}.Release|Any CPU.ActiveCfg = Release|Any CPU
		{C29EA94E-CC65-4AA5-A378-9A2471A04CE2}.Release|Any CPU.Build.0 = Release|Any CPU
		{F1E7910B-AD8B-43DB-AC01-DE6761785915}.Debug|Any CPU.ActiveCfg = Debug|Any CPU
		{F1E7910B-AD8B-43DB-AC01-DE6761785915}.Debug|Any CPU.Build.0 = Debug|Any CPU
		{F1E7910B-AD8B-43DB-AC01-DE6761785915}.Release|Any CPU.ActiveCfg = Release|Any CPU
		{F1E7910B-AD8B-43DB-AC01-DE6761785915}.Release|Any CPU.Build.0 = Release|Any CPU
		{0F45D093-1449-4187-9687-CDE42643C429}.Debug|Any CPU.ActiveCfg = Debug|Any CPU
		{0F45D093-1449-4187-9687-CDE42643C429}.Debug|Any CPU.Build.0 = Debug|Any CPU
		{0F45D093-1449-4187-9687-CDE42643C429}.Release|Any CPU.ActiveCfg = Release|Any CPU
		{0F45D093-1449-4187-9687-CDE42643C429}.Release|Any CPU.Build.0 = Release|Any CPU
		{59AA80C4-2350-4D43-8741-173D7D33B588}.Debug|Any CPU.ActiveCfg = Debug|Any CPU
		{59AA80C4-2350-4D43-8741-173D7D33B588}.Debug|Any CPU.Build.0 = Debug|Any CPU
		{59AA80C4-2350-4D43-8741-173D7D33B588}.Release|Any CPU.ActiveCfg = Release|Any CPU
		{59AA80C4-2350-4D43-8741-173D7D33B588}.Release|Any CPU.Build.0 = Release|Any CPU
		{1C5BAD88-1C07-4E1F-B7CE-0038B6D03B03}.Debug|Any CPU.ActiveCfg = Debug|Any CPU
		{1C5BAD88-1C07-4E1F-B7CE-0038B6D03B03}.Debug|Any CPU.Build.0 = Debug|Any CPU
		{1C5BAD88-1C07-4E1F-B7CE-0038B6D03B03}.Release|Any CPU.ActiveCfg = Release|Any CPU
		{1C5BAD88-1C07-4E1F-B7CE-0038B6D03B03}.Release|Any CPU.Build.0 = Release|Any CPU
		{2FFA2A44-8043-4C1E-99C3-C9772A9AD704}.Debug|Any CPU.ActiveCfg = Debug|Any CPU
		{2FFA2A44-8043-4C1E-99C3-C9772A9AD704}.Debug|Any CPU.Build.0 = Debug|Any CPU
		{2FFA2A44-8043-4C1E-99C3-C9772A9AD704}.Release|Any CPU.ActiveCfg = Release|Any CPU
		{2FFA2A44-8043-4C1E-99C3-C9772A9AD704}.Release|Any CPU.Build.0 = Release|Any CPU
	EndGlobalSection
	GlobalSection(SolutionProperties) = preSolution
		HideSolutionNode = FALSE
	EndGlobalSection
	GlobalSection(NestedProjects) = preSolution
		{9C669DEE-57B2-440D-ADA6-8F866C929B87} = {898D5101-7F90-4F91-85C7-9A65B0670080}
		{5AB515BE-9A86-4FDC-BA0F-22AE3E12FB96} = {898D5101-7F90-4F91-85C7-9A65B0670080}
		{3510B5C8-2D75-4546-BA0B-9F10F837AF64} = {898D5101-7F90-4F91-85C7-9A65B0670080}
		{D39D2390-69AE-46D9-A3ED-556DB0DD28DF} = {9C669DEE-57B2-440D-ADA6-8F866C929B87}
		{29E7C006-250D-4662-AFE5-C09B3E47C77B} = {9C669DEE-57B2-440D-ADA6-8F866C929B87}
		{D5985331-5213-415D-9E3B-D69495E4FBB4} = {9C669DEE-57B2-440D-ADA6-8F866C929B87}
		{B1E1EAA4-6E0C-4DF9-ADD8-CC2611541E20} = {9C669DEE-57B2-440D-ADA6-8F866C929B87}
		{C29EA94E-CC65-4AA5-A378-9A2471A04CE2} = {5AB515BE-9A86-4FDC-BA0F-22AE3E12FB96}
		{F1E7910B-AD8B-43DB-AC01-DE6761785915} = {5AB515BE-9A86-4FDC-BA0F-22AE3E12FB96}
		{0F45D093-1449-4187-9687-CDE42643C429} = {456BD369-5AEC-40E9-B4FE-E471D294B3AD}
		{59AA80C4-2350-4D43-8741-173D7D33B588} = {456BD369-5AEC-40E9-B4FE-E471D294B3AD}
		{1C5BAD88-1C07-4E1F-B7CE-0038B6D03B03} = {456BD369-5AEC-40E9-B4FE-E471D294B3AD}
		{2FFA2A44-8043-4C1E-99C3-C9772A9AD704} = {456BD369-5AEC-40E9-B4FE-E471D294B3AD}
	EndGlobalSection
	GlobalSection(ExtensibilityGlobals) = postSolution
		SolutionGuid = {AC811038-2ED7-4976-A315-33964D72AB9C}
	EndGlobalSection
EndGlobal
